
Microsoft Visual Studio Solution File, Format Version 12.00
# Visual Studio Version 17
VisualStudioVersion = 17.14.36518.9
MinimumVisualStudioVersion = 10.0.40219.1
Project("{FAE04EC0-301F-11D3-BF4B-00C04F79EFBC}") = "J3M", "J3M\J3M.csproj", "{14177AC9-905F-4CA1-8315-771CB4D207AA}"
	ProjectSection(ProjectDependencies) = postProject
		{8F54BF7D-5039-AAA8-5BB6-C2A9B3A664DD} = {8F54BF7D-5039-AAA8-5BB6-C2A9B3A664DD}
	EndProjectSection
EndProject
Project("{FAE04EC0-301F-11D3-BF4B-00C04F79EFBC}") = "J3M.Shared", "..\J3m_BE\J3M.Shared\J3M.Shared.csproj", "{8F54BF7D-5039-AAA8-5BB6-C2A9B3A664DD}"
EndProject
Global
	GlobalSection(SolutionConfigurationPlatforms) = preSolution
		Debug|Any CPU = Debug|Any CPU
		Release|Any CPU = Release|Any CPU
	EndGlobalSection
	GlobalSection(ProjectConfigurationPlatforms) = postSolution
		{14177AC9-905F-4CA1-8315-771CB4D207AA}.Debug|Any CPU.ActiveCfg = Debug|Any CPU
		{14177AC9-905F-4CA1-8315-771CB4D207AA}.Debug|Any CPU.Build.0 = Debug|Any CPU
		{14177AC9-905F-4CA1-8315-771CB4D207AA}.Release|Any CPU.ActiveCfg = Release|Any CPU
		{14177AC9-905F-4CA1-8315-771CB4D207AA}.Release|Any CPU.Build.0 = Release|Any CPU
		{8F54BF7D-5039-AAA8-5BB6-C2A9B3A664DD}.Debug|Any CPU.ActiveCfg = Debug|Any CPU
		{8F54BF7D-5039-AAA8-5BB6-C2A9B3A664DD}.Debug|Any CPU.Build.0 = Debug|Any CPU
		{8F54BF7D-5039-AAA8-5BB6-C2A9B3A664DD}.Release|Any CPU.ActiveCfg = Release|Any CPU
		{8F54BF7D-5039-AAA8-5BB6-C2A9B3A664DD}.Release|Any CPU.Build.0 = Release|Any CPU
	EndGlobalSection
	GlobalSection(SolutionProperties) = preSolution
		HideSolutionNode = FALSE
	EndGlobalSection
	GlobalSection(ExtensibilityGlobals) = postSolution
		SolutionGuid = {FFDAEE1C-F6E8-43AF-BF21-74DDBAAF1404}
	EndGlobalSection
EndGlobal
